
Microsoft Visual Studio Solution File, Format Version 12.00
# Visual Studio 14
VisualStudioVersion = 14.0.23107.0
MinimumVisualStudioVersion = 10.0.40219.1
Project("{FAE04EC0-301F-11D3-BF4B-00C04F79EFBC}") = "App1", "App1\App1\App1.csproj", "{A1114DF8-F0E6-44D2-B2F2-44A740229761}"
EndProject
Project("{FAE04EC0-301F-11D3-BF4B-00C04F79EFBC}") = "App1.iOS", "App1\App1.iOS\App1.iOS.csproj", "{38547424-9431-40EF-9F03-A63D9196B6FC}"
EndProject
Project("{FAE04EC0-301F-11D3-BF4B-00C04F79EFBC}") = "App1.Droid", "App1\App1.Droid\App1.Droid.csproj", "{5E7E9EB7-2BC3-4D6A-B261-1F7A28449108}"
EndProject
Project("{FAE04EC0-301F-11D3-BF4B-00C04F79EFBC}") = "App1.WinPhone", "App1\App1.WinPhone\App1.WinPhone.csproj", "{AF02EFA0-8783-49BF-9572-F21724732747}"
EndProject
Global
	GlobalSection(SolutionConfigurationPlatforms) = preSolution
		Ad-Hoc|Any CPU = Ad-Hoc|Any CPU
		Ad-Hoc|ARM = Ad-Hoc|ARM
		Ad-Hoc|iPhone = Ad-Hoc|iPhone
		Ad-Hoc|iPhoneSimulator = Ad-Hoc|iPhoneSimulator
		Ad-Hoc|x86 = Ad-Hoc|x86
		AppStore|Any CPU = AppStore|Any CPU
		AppStore|ARM = AppStore|ARM
		AppStore|iPhone = AppStore|iPhone
		AppStore|iPhoneSimulator = AppStore|iPhoneSimulator
		AppStore|x86 = AppStore|x86
		Debug|Any CPU = Debug|Any CPU
		Debug|ARM = Debug|ARM
		Debug|iPhone = Debug|iPhone
		Debug|iPhoneSimulator = Debug|iPhoneSimulator
		Debug|x86 = Debug|x86
		Release|Any CPU = Release|Any CPU
		Release|ARM = Release|ARM
		Release|iPhone = Release|iPhone
		Release|iPhoneSimulator = Release|iPhoneSimulator
		Release|x86 = Release|x86
	EndGlobalSection
	GlobalSection(ProjectConfigurationPlatforms) = postSolution
		{A1114DF8-F0E6-44D2-B2F2-44A740229761}.Ad-Hoc|Any CPU.ActiveCfg = Release|Any CPU
		{A1114DF8-F0E6-44D2-B2F2-44A740229761}.Ad-Hoc|Any CPU.Build.0 = Release|Any CPU
		{A1114DF8-F0E6-44D2-B2F2-44A740229761}.Ad-Hoc|ARM.ActiveCfg = Release|Any CPU
		{A1114DF8-F0E6-44D2-B2F2-44A740229761}.Ad-Hoc|ARM.Build.0 = Release|Any CPU
		{A1114DF8-F0E6-44D2-B2F2-44A740229761}.Ad-Hoc|iPhone.ActiveCfg = Release|Any CPU
		{A1114DF8-F0E6-44D2-B2F2-44A740229761}.Ad-Hoc|iPhone.Build.0 = Release|Any CPU
		{A1114DF8-F0E6-44D2-B2F2-44A740229761}.Ad-Hoc|iPhoneSimulator.ActiveCfg = Release|Any CPU
		{A1114DF8-F0E6-44D2-B2F2-44A740229761}.Ad-Hoc|iPhoneSimulator.Build.0 = Release|Any CPU
		{A1114DF8-F0E6-44D2-B2F2-44A740229761}.Ad-Hoc|x86.ActiveCfg = Release|Any CPU
		{A1114DF8-F0E6-44D2-B2F2-44A740229761}.Ad-Hoc|x86.Build.0 = Release|Any CPU
		{A1114DF8-F0E6-44D2-B2F2-44A740229761}.AppStore|Any CPU.ActiveCfg = Release|Any CPU
		{A1114DF8-F0E6-44D2-B2F2-44A740229761}.AppStore|Any CPU.Build.0 = Release|Any CPU
		{A1114DF8-F0E6-44D2-B2F2-44A740229761}.AppStore|ARM.ActiveCfg = Release|Any CPU
		{A1114DF8-F0E6-44D2-B2F2-44A740229761}.AppStore|ARM.Build.0 = Release|Any CPU
		{A1114DF8-F0E6-44D2-B2F2-44A740229761}.AppStore|iPhone.ActiveCfg = Release|Any CPU
		{A1114DF8-F0E6-44D2-B2F2-44A740229761}.AppStore|iPhone.Build.0 = Release|Any CPU
		{A1114DF8-F0E6-44D2-B2F2-44A740229761}.AppStore|iPhoneSimulator.ActiveCfg = Release|Any CPU
		{A1114DF8-F0E6-44D2-B2F2-44A740229761}.AppStore|iPhoneSimulator.Build.0 = Release|Any CPU
		{A1114DF8-F0E6-44D2-B2F2-44A740229761}.AppStore|x86.ActiveCfg = Release|Any CPU
		{A1114DF8-F0E6-44D2-B2F2-44A740229761}.AppStore|x86.Build.0 = Release|Any CPU
		{A1114DF8-F0E6-44D2-B2F2-44A740229761}.Debug|Any CPU.ActiveCfg = Debug|Any CPU
		{A1114DF8-F0E6-44D2-B2F2-44A740229761}.Debug|Any CPU.Build.0 = Debug|Any CPU
		{A1114DF8-F0E6-44D2-B2F2-44A740229761}.Debug|ARM.ActiveCfg = Debug|Any CPU
		{A1114DF8-F0E6-44D2-B2F2-44A740229761}.Debug|ARM.Build.0 = Debug|Any CPU
		{A1114DF8-F0E6-44D2-B2F2-44A740229761}.Debug|iPhone.ActiveCfg = Debug|Any CPU
		{A1114DF8-F0E6-44D2-B2F2-44A740229761}.Debug|iPhone.Build.0 = Debug|Any CPU
		{A1114DF8-F0E6-44D2-B2F2-44A740229761}.Debug|iPhoneSimulator.ActiveCfg = Debug|Any CPU
		{A1114DF8-F0E6-44D2-B2F2-44A740229761}.Debug|iPhoneSimulator.Build.0 = Debug|Any CPU
		{A1114DF8-F0E6-44D2-B2F2-44A740229761}.Debug|x86.ActiveCfg = Debug|Any CPU
		{A1114DF8-F0E6-44D2-B2F2-44A740229761}.Debug|x86.Build.0 = Debug|Any CPU
		{A1114DF8-F0E6-44D2-B2F2-44A740229761}.Release|Any CPU.ActiveCfg = Release|Any CPU
		{A1114DF8-F0E6-44D2-B2F2-44A740229761}.Release|Any CPU.Build.0 = Release|Any CPU
		{A1114DF8-F0E6-44D2-B2F2-44A740229761}.Release|ARM.ActiveCfg = Release|Any CPU
		{A1114DF8-F0E6-44D2-B2F2-44A740229761}.Release|ARM.Build.0 = Release|Any CPU
		{A1114DF8-F0E6-44D2-B2F2-44A740229761}.Release|iPhone.ActiveCfg = Release|Any CPU
		{A1114DF8-F0E6-44D2-B2F2-44A740229761}.Release|iPhone.Build.0 = Release|Any CPU
		{A1114DF8-F0E6-44D2-B2F2-44A740229761}.Release|iPhoneSimulator.ActiveCfg = Release|Any CPU
		{A1114DF8-F0E6-44D2-B2F2-44A740229761}.Release|iPhoneSimulator.Build.0 = Release|Any CPU
		{A1114DF8-F0E6-44D2-B2F2-44A740229761}.Release|x86.ActiveCfg = Release|Any CPU
		{A1114DF8-F0E6-44D2-B2F2-44A740229761}.Release|x86.Build.0 = Release|Any CPU
		{38547424-9431-40EF-9F03-A63D9196B6FC}.Ad-Hoc|Any CPU.ActiveCfg = Ad-Hoc|iPhone
		{38547424-9431-40EF-9F03-A63D9196B6FC}.Ad-Hoc|ARM.ActiveCfg = Ad-Hoc|iPhone
		{38547424-9431-40EF-9F03-A63D9196B6FC}.Ad-Hoc|iPhone.ActiveCfg = Ad-Hoc|iPhone
		{38547424-9431-40EF-9F03-A63D9196B6FC}.Ad-Hoc|iPhone.Build.0 = Ad-Hoc|iPhone
		{38547424-9431-40EF-9F03-A63D9196B6FC}.Ad-Hoc|iPhoneSimulator.ActiveCfg = Ad-Hoc|iPhoneSimulator
		{38547424-9431-40EF-9F03-A63D9196B6FC}.Ad-Hoc|iPhoneSimulator.Build.0 = Ad-Hoc|iPhoneSimulator
		{38547424-9431-40EF-9F03-A63D9196B6FC}.Ad-Hoc|x86.ActiveCfg = Ad-Hoc|iPhone
		{38547424-9431-40EF-9F03-A63D9196B6FC}.AppStore|Any CPU.ActiveCfg = AppStore|iPhone
		{38547424-9431-40EF-9F03-A63D9196B6FC}.AppStore|ARM.ActiveCfg = AppStore|iPhone
		{38547424-9431-40EF-9F03-A63D9196B6FC}.AppStore|iPhone.ActiveCfg = AppStore|iPhone
		{38547424-9431-40EF-9F03-A63D9196B6FC}.AppStore|iPhone.Build.0 = AppStore|iPhone
		{38547424-9431-40EF-9F03-A63D9196B6FC}.AppStore|iPhoneSimulator.ActiveCfg = AppStore|iPhoneSimulator
		{38547424-9431-40EF-9F03-A63D9196B6FC}.AppStore|iPhoneSimulator.Build.0 = AppStore|iPhoneSimulator
		{38547424-9431-40EF-9F03-A63D9196B6FC}.AppStore|x86.ActiveCfg = AppStore|iPhone
		{38547424-9431-40EF-9F03-A63D9196B6FC}.Debug|Any CPU.ActiveCfg = Debug|iPhone
		{38547424-9431-40EF-9F03-A63D9196B6FC}.Debug|ARM.ActiveCfg = Debug|iPhone
		{38547424-9431-40EF-9F03-A63D9196B6FC}.Debug|iPhone.ActiveCfg = Debug|iPhone
		{38547424-9431-40EF-9F03-A63D9196B6FC}.Debug|iPhone.Build.0 = Debug|iPhone
		{38547424-9431-40EF-9F03-A63D9196B6FC}.Debug|iPhoneSimulator.ActiveCfg = Debug|iPhoneSimulator
		{38547424-9431-40EF-9F03-A63D9196B6FC}.Debug|iPhoneSimulator.Build.0 = Debug|iPhoneSimulator
		{38547424-9431-40EF-9F03-A63D9196B6FC}.Debug|x86.ActiveCfg = Debug|iPhone
		{38547424-9431-40EF-9F03-A63D9196B6FC}.Release|Any CPU.ActiveCfg = Release|iPhone
		{38547424-9431-40EF-9F03-A63D9196B6FC}.Release|ARM.ActiveCfg = Release|iPhone
		{38547424-9431-40EF-9F03-A63D9196B6FC}.Release|iPhone.ActiveCfg = Release|iPhone
		{38547424-9431-40EF-9F03-A63D9196B6FC}.Release|iPhone.Build.0 = Release|iPhone
		{38547424-9431-40EF-9F03-A63D9196B6FC}.Release|iPhoneSimulator.ActiveCfg = Release|iPhoneSimulator
		{38547424-9431-40EF-9F03-A63D9196B6FC}.Release|iPhoneSimulator.Build.0 = Release|iPhoneSimulator
		{38547424-9431-40EF-9F03-A63D9196B6FC}.Release|x86.ActiveCfg = Release|iPhone
		{5E7E9EB7-2BC3-4D6A-B261-1F7A28449108}.Ad-Hoc|Any CPU.ActiveCfg = Release|Any CPU
		{5E7E9EB7-2BC3-4D6A-B261-1F7A28449108}.Ad-Hoc|Any CPU.Build.0 = Release|Any CPU
		{5E7E9EB7-2BC3-4D6A-B261-1F7A28449108}.Ad-Hoc|Any CPU.Deploy.0 = Release|Any CPU
		{5E7E9EB7-2BC3-4D6A-B261-1F7A28449108}.Ad-Hoc|ARM.ActiveCfg = Release|Any CPU
		{5E7E9EB7-2BC3-4D6A-B261-1F7A28449108}.Ad-Hoc|ARM.Build.0 = Release|Any CPU
		{5E7E9EB7-2BC3-4D6A-B261-1F7A28449108}.Ad-Hoc|ARM.Deploy.0 = Release|Any CPU
		{5E7E9EB7-2BC3-4D6A-B261-1F7A28449108}.Ad-Hoc|iPhone.ActiveCfg = Release|Any CPU
		{5E7E9EB7-2BC3-4D6A-B261-1F7A28449108}.Ad-Hoc|iPhone.Build.0 = Release|Any CPU
		{5E7E9EB7-2BC3-4D6A-B261-1F7A28449108}.Ad-Hoc|iPhone.Deploy.0 = Release|Any CPU
		{5E7E9EB7-2BC3-4D6A-B261-1F7A28449108}.Ad-Hoc|iPhoneSimulator.ActiveCfg = Release|Any CPU
		{5E7E9EB7-2BC3-4D6A-B261-1F7A28449108}.Ad-Hoc|iPhoneSimulator.Build.0 = Release|Any CPU
		{5E7E9EB7-2BC3-4D6A-B261-1F7A28449108}.Ad-Hoc|iPhoneSimulator.Deploy.0 = Release|Any CPU
		{5E7E9EB7-2BC3-4D6A-B261-1F7A28449108}.Ad-Hoc|x86.ActiveCfg = Release|Any CPU
		{5E7E9EB7-2BC3-4D6A-B261-1F7A28449108}.Ad-Hoc|x86.Build.0 = Release|Any CPU
		{5E7E9EB7-2BC3-4D6A-B261-1F7A28449108}.Ad-Hoc|x86.Deploy.0 = Release|Any CPU
		{5E7E9EB7-2BC3-4D6A-B261-1F7A28449108}.AppStore|Any CPU.ActiveCfg = Release|Any CPU
		{5E7E9EB7-2BC3-4D6A-B261-1F7A28449108}.AppStore|Any CPU.Build.0 = Release|Any CPU
		{5E7E9EB7-2BC3-4D6A-B261-1F7A28449108}.AppStore|Any CPU.Deploy.0 = Release|Any CPU
		{5E7E9EB7-2BC3-4D6A-B261-1F7A28449108}.AppStore|ARM.ActiveCfg = Release|Any CPU
		{5E7E9EB7-2BC3-4D6A-B261-1F7A28449108}.AppStore|ARM.Build.0 = Release|Any CPU
		{5E7E9EB7-2BC3-4D6A-B261-1F7A28449108}.AppStore|ARM.Deploy.0 = Release|Any CPU
		{5E7E9EB7-2BC3-4D6A-B261-1F7A28449108}.AppStore|iPhone.ActiveCfg = Release|Any CPU
		{5E7E9EB7-2BC3-4D6A-B261-1F7A28449108}.AppStore|iPhone.Build.0 = Release|Any CPU
		{5E7E9EB7-2BC3-4D6A-B261-1F7A28449108}.AppStore|iPhone.Deploy.0 = Release|Any CPU
		{5E7E9EB7-2BC3-4D6A-B261-1F7A28449108}.AppStore|iPhoneSimulator.ActiveCfg = Release|Any CPU
		{5E7E9EB7-2BC3-4D6A-B261-1F7A28449108}.AppStore|iPhoneSimulator.Build.0 = Release|Any CPU
		{5E7E9EB7-2BC3-4D6A-B261-1F7A28449108}.AppStore|iPhoneSimulator.Deploy.0 = Release|Any CPU
		{5E7E9EB7-2BC3-4D6A-B261-1F7A28449108}.AppStore|x86.ActiveCfg = Release|Any CPU
		{5E7E9EB7-2BC3-4D6A-B261-1F7A28449108}.AppStore|x86.Build.0 = Release|Any CPU
		{5E7E9EB7-2BC3-4D6A-B261-1F7A28449108}.AppStore|x86.Deploy.0 = Release|Any CPU
		{5E7E9EB7-2BC3-4D6A-B261-1F7A28449108}.Debug|Any CPU.ActiveCfg = Debug|Any CPU
		{5E7E9EB7-2BC3-4D6A-B261-1F7A28449108}.Debug|Any CPU.Build.0 = Debug|Any CPU
		{5E7E9EB7-2BC3-4D6A-B261-1F7A28449108}.Debug|Any CPU.Deploy.0 = Debug|Any CPU
		{5E7E9EB7-2BC3-4D6A-B261-1F7A28449108}.Debug|ARM.ActiveCfg = Debug|Any CPU
		{5E7E9EB7-2BC3-4D6A-B261-1F7A28449108}.Debug|ARM.Build.0 = Debug|Any CPU
		{5E7E9EB7-2BC3-4D6A-B261-1F7A28449108}.Debug|ARM.Deploy.0 = Debug|Any CPU
		{5E7E9EB7-2BC3-4D6A-B261-1F7A28449108}.Debug|iPhone.ActiveCfg = Debug|Any CPU
		{5E7E9EB7-2BC3-4D6A-B261-1F7A28449108}.Debug|iPhone.Build.0 = Debug|Any CPU
		{5E7E9EB7-2BC3-4D6A-B261-1F7A28449108}.Debug|iPhone.Deploy.0 = Debug|Any CPU
		{5E7E9EB7-2BC3-4D6A-B261-1F7A28449108}.Debug|iPhoneSimulator.ActiveCfg = Debug|Any CPU
		{5E7E9EB7-2BC3-4D6A-B261-1F7A28449108}.Debug|iPhoneSimulator.Build.0 = Debug|Any CPU
		{5E7E9EB7-2BC3-4D6A-B261-1F7A28449108}.Debug|iPhoneSimulator.Deploy.0 = Debug|Any CPU
		{5E7E9EB7-2BC3-4D6A-B261-1F7A28449108}.Debug|x86.ActiveCfg = Debug|Any CPU
		{5E7E9EB7-2BC3-4D6A-B261-1F7A28449108}.Debug|x86.Build.0 = Debug|Any CPU
		{5E7E9EB7-2BC3-4D6A-B261-1F7A28449108}.Debug|x86.Deploy.0 = Debug|Any CPU
		{5E7E9EB7-2BC3-4D6A-B261-1F7A28449108}.Release|Any CPU.ActiveCfg = Release|Any CPU
		{5E7E9EB7-2BC3-4D6A-B261-1F7A28449108}.Release|Any CPU.Build.0 = Release|Any CPU
		{5E7E9EB7-2BC3-4D6A-B261-1F7A28449108}.Release|Any CPU.Deploy.0 = Release|Any CPU
		{5E7E9EB7-2BC3-4D6A-B261-1F7A28449108}.Release|ARM.ActiveCfg = Release|Any CPU
		{5E7E9EB7-2BC3-4D6A-B261-1F7A28449108}.Release|ARM.Build.0 = Release|Any CPU
		{5E7E9EB7-2BC3-4D6A-B261-1F7A28449108}.Release|ARM.Deploy.0 = Release|Any CPU
		{5E7E9EB7-2BC3-4D6A-B261-1F7A28449108}.Release|iPhone.ActiveCfg = Release|Any CPU
		{5E7E9EB7-2BC3-4D6A-B261-1F7A28449108}.Release|iPhone.Build.0 = Release|Any CPU
		{5E7E9EB7-2BC3-4D6A-B261-1F7A28449108}.Release|iPhone.Deploy.0 = Release|Any CPU
		{5E7E9EB7-2BC3-4D6A-B261-1F7A28449108}.Release|iPhoneSimulator.ActiveCfg = Release|Any CPU
		{5E7E9EB7-2BC3-4D6A-B261-1F7A28449108}.Release|iPhoneSimulator.Build.0 = Release|Any CPU
		{5E7E9EB7-2BC3-4D6A-B261-1F7A28449108}.Release|iPhoneSimulator.Deploy.0 = Release|Any CPU
		{5E7E9EB7-2BC3-4D6A-B261-1F7A28449108}.Release|x86.ActiveCfg = Release|Any CPU
		{5E7E9EB7-2BC3-4D6A-B261-1F7A28449108}.Release|x86.Build.0 = Release|Any CPU
		{5E7E9EB7-2BC3-4D6A-B261-1F7A28449108}.Release|x86.Deploy.0 = Release|Any CPU
		{AF02EFA0-8783-49BF-9572-F21724732747}.Ad-Hoc|Any CPU.ActiveCfg = Release|Any CPU
		{AF02EFA0-8783-49BF-9572-F21724732747}.Ad-Hoc|Any CPU.Build.0 = Release|Any CPU
		{AF02EFA0-8783-49BF-9572-F21724732747}.Ad-Hoc|Any CPU.Deploy.0 = Release|Any CPU
		{AF02EFA0-8783-49BF-9572-F21724732747}.Ad-Hoc|ARM.ActiveCfg = Release|ARM
		{AF02EFA0-8783-49BF-9572-F21724732747}.Ad-Hoc|ARM.Build.0 = Release|ARM
		{AF02EFA0-8783-49BF-9572-F21724732747}.Ad-Hoc|ARM.Deploy.0 = Release|ARM
		{AF02EFA0-8783-49BF-9572-F21724732747}.Ad-Hoc|iPhone.ActiveCfg = Release|Any CPU
		{AF02EFA0-8783-49BF-9572-F21724732747}.Ad-Hoc|iPhone.Build.0 = Release|Any CPU
		{AF02EFA0-8783-49BF-9572-F21724732747}.Ad-Hoc|iPhone.Deploy.0 = Release|Any CPU
		{AF02EFA0-8783-49BF-9572-F21724732747}.Ad-Hoc|iPhoneSimulator.ActiveCfg = Release|Any CPU
		{AF02EFA0-8783-49BF-9572-F21724732747}.Ad-Hoc|iPhoneSimulator.Build.0 = Release|Any CPU
		{AF02EFA0-8783-49BF-9572-F21724732747}.Ad-Hoc|iPhoneSimulator.Deploy.0 = Release|Any CPU
		{AF02EFA0-8783-49BF-9572-F21724732747}.Ad-Hoc|x86.ActiveCfg = Release|x86
		{AF02EFA0-8783-49BF-9572-F21724732747}.Ad-Hoc|x86.Build.0 = Release|x86
		{AF02EFA0-8783-49BF-9572-F21724732747}.Ad-Hoc|x86.Deploy.0 = Release|x86
		{AF02EFA0-8783-49BF-9572-F21724732747}.AppStore|Any CPU.ActiveCfg = Release|Any CPU
		{AF02EFA0-8783-49BF-9572-F21724732747}.AppStore|Any CPU.Build.0 = Release|Any CPU
		{AF02EFA0-8783-49BF-9572-F21724732747}.AppStore|Any CPU.Deploy.0 = Release|Any CPU
		{AF02EFA0-8783-49BF-9572-F21724732747}.AppStore|ARM.ActiveCfg = Release|ARM
		{AF02EFA0-8783-49BF-9572-F21724732747}.AppStore|ARM.Build.0 = Release|ARM
		{AF02EFA0-8783-49BF-9572-F21724732747}.AppStore|ARM.Deploy.0 = Release|ARM
		{AF02EFA0-8783-49BF-9572-F21724732747}.AppStore|iPhone.ActiveCfg = Release|Any CPU
		{AF02EFA0-8783-49BF-9572-F21724732747}.AppStore|iPhone.Build.0 = Release|Any CPU
		{AF02EFA0-8783-49BF-9572-F21724732747}.AppStore|iPhone.Deploy.0 = Release|Any CPU
		{AF02EFA0-8783-49BF-9572-F21724732747}.AppStore|iPhoneSimulator.ActiveCfg = Release|Any CPU
		{AF02EFA0-8783-49BF-9572-F21724732747}.AppStore|iPhoneSimulator.Build.0 = Release|Any CPU
		{AF02EFA0-8783-49BF-9572-F21724732747}.AppStore|iPhoneSimulator.Deploy.0 = Release|Any CPU
		{AF02EFA0-8783-49BF-9572-F21724732747}.AppStore|x86.ActiveCfg = Release|x86
		{AF02EFA0-8783-49BF-9572-F21724732747}.AppStore|x86.Build.0 = Release|x86
		{AF02EFA0-8783-49BF-9572-F21724732747}.AppStore|x86.Deploy.0 = Release|x86
		{AF02EFA0-8783-49BF-9572-F21724732747}.Debug|Any CPU.ActiveCfg = Debug|Any CPU
		{AF02EFA0-8783-49BF-9572-F21724732747}.Debug|Any CPU.Build.0 = Debug|Any CPU
		{AF02EFA0-8783-49BF-9572-F21724732747}.Debug|Any CPU.Deploy.0 = Debug|Any CPU
		{AF02EFA0-8783-49BF-9572-F21724732747}.Debug|ARM.ActiveCfg = Debug|ARM
		{AF02EFA0-8783-49BF-9572-F21724732747}.Debug|ARM.Build.0 = Debug|ARM
		{AF02EFA0-8783-49BF-9572-F21724732747}.Debug|ARM.Deploy.0 = Debug|ARM
		{AF02EFA0-8783-49BF-9572-F21724732747}.Debug|iPhone.ActiveCfg = Debug|Any CPU
		{AF02EFA0-8783-49BF-9572-F21724732747}.Debug|iPhone.Build.0 = Debug|Any CPU
		{AF02EFA0-8783-49BF-9572-F21724732747}.Debug|iPhone.Deploy.0 = Debug|Any CPU
		{AF02EFA0-8783-49BF-9572-F21724732747}.Debug|iPhoneSimulator.ActiveCfg = Debug|Any CPU
		{AF02EFA0-8783-49BF-9572-F21724732747}.Debug|iPhoneSimulator.Build.0 = Debug|Any CPU
		{AF02EFA0-8783-49BF-9572-F21724732747}.Debug|iPhoneSimulator.Deploy.0 = Debug|Any CPU
		{AF02EFA0-8783-49BF-9572-F21724732747}.Debug|x86.ActiveCfg = Debug|x86
		{AF02EFA0-8783-49BF-9572-F21724732747}.Debug|x86.Build.0 = Debug|x86
		{AF02EFA0-8783-49BF-9572-F21724732747}.Debug|x86.Deploy.0 = Debug|x86
		{AF02EFA0-8783-49BF-9572-F21724732747}.Release|Any CPU.ActiveCfg = Release|Any CPU
		{AF02EFA0-8783-49BF-9572-F21724732747}.Release|Any CPU.Build.0 = Release|Any CPU
		{AF02EFA0-8783-49BF-9572-F21724732747}.Release|Any CPU.Deploy.0 = Release|Any CPU
		{AF02EFA0-8783-49BF-9572-F21724732747}.Release|ARM.ActiveCfg = Release|ARM
		{AF02EFA0-8783-49BF-9572-F21724732747}.Release|ARM.Build.0 = Release|ARM
		{AF02EFA0-8783-49BF-9572-F21724732747}.Release|ARM.Deploy.0 = Release|ARM
		{AF02EFA0-8783-49BF-9572-F21724732747}.Release|iPhone.ActiveCfg = Release|Any CPU
		{AF02EFA0-8783-49BF-9572-F21724732747}.Release|iPhone.Build.0 = Release|Any CPU
		{AF02EFA0-8783-49BF-9572-F21724732747}.Release|iPhone.Deploy.0 = Release|Any CPU
		{AF02EFA0-8783-49BF-9572-F21724732747}.Release|iPhoneSimulator.ActiveCfg = Release|Any CPU
		{AF02EFA0-8783-49BF-9572-F21724732747}.Release|iPhoneSimulator.Build.0 = Release|Any CPU
		{AF02EFA0-8783-49BF-9572-F21724732747}.Release|iPhoneSimulator.Deploy.0 = Release|Any CPU
		{AF02EFA0-8783-49BF-9572-F21724732747}.Release|x86.ActiveCfg = Release|x86
		{AF02EFA0-8783-49BF-9572-F21724732747}.Release|x86.Build.0 = Release|x86
		{AF02EFA0-8783-49BF-9572-F21724732747}.Release|x86.Deploy.0 = Release|x86
	EndGlobalSection
	GlobalSection(SolutionProperties) = preSolution
		HideSolutionNode = FALSE
	EndGlobalSection
EndGlobal
